
Microsoft Visual Studio Solution File, Format Version 12.00
# Visual Studio Version 17
VisualStudioVersion = 17.14.36414.22
MinimumVisualStudioVersion = 10.0.40219.1
Project("{2150E333-8FDC-42A3-9474-1A3956D46DE8}") = "Task0", "Task0", "{02EA681E-C7D8-13C7-8484-4AC65E1B71E8}"
EndProject
Project("{FAE04EC0-301F-11D3-BF4B-00C04F79EFBC}") = "Tyuiu.BurmistrovNS.Sprint3.Task0.V26", "Tyuiu.BurmistrovNS.Sprint3.Task0.V26\Tyuiu.BurmistrovNS.Sprint3.Task0.V26.csproj", "{5AEA858E-8C44-4A0D-8C29-9B35C90A6074}"
EndProject
Project("{FAE04EC0-301F-11D3-BF4B-00C04F79EFBC}") = "Tyuiu.BurmistrovNS.Sprint3.Task0.V26.Lib", "Tyuiu.BurmistrovNS.Sprint3.Task0.V26.Lib\Tyuiu.BurmistrovNS.Sprint3.Task0.V26.Lib.csproj", "{06527C13-FD03-49A8-A8DA-7900D24105EE}"
EndProject
Project("{FAE04EC0-301F-11D3-BF4B-00C04F79EFBC}") = "Tyuiu.BurmistrovNS.Sprint3.Task0.V26.Test", "Tyuiu.BurmistrovNS.Sprint3.Task0.V26.Test\Tyuiu.BurmistrovNS.Sprint3.Task0.V26.Test.csproj", "{E046E464-90DA-40BC-A3C3-56E8C3157875}"
EndProject
Project("{2150E333-8FDC-42A3-9474-1A3956D46DE8}") = "Task1", "Task1", "{50754E19-1311-49D8-9267-B6B59B67C8DE}"
EndProject
Project("{FAE04EC0-301F-11D3-BF4B-00C04F79EFBC}") = "Tyuiu.BurmistrovNS.Sprint3.Task1.V2", "Tyuiu.BurmistrovNS.Sprint3.Task1.V2\Tyuiu.BurmistrovNS.Sprint3.Task1.V2.csproj", "{21E53E8E-2CEC-46F4-B8F6-D1DD7BCBD9F8}"
EndProject
Project("{FAE04EC0-301F-11D3-BF4B-00C04F79EFBC}") = "Tyuiu.BurmistrovNS.Sprint3.Task1.V2.Lib", "Tyuiu.BurmistrovNS.Sprint3.Task1.V2.Lib\Tyuiu.BurmistrovNS.Sprint3.Task1.V2.Lib.csproj", "{F30BEBE9-BEE3-4BB1-A9B3-F0C83C3CA0AC}"
EndProject
Project("{FAE04EC0-301F-11D3-BF4B-00C04F79EFBC}") = "Tyuiu.BurmistrovNS.Sprint3.Task1.V2.Test", "Tyuiu.BurmistrovNS.Sprint3.Task1.V2.Test\Tyuiu.BurmistrovNS.Sprint3.Task1.V2.Test.csproj", "{4EA13DD7-BAF6-4931-96B9-C41BFB0330CA}"
EndProject
Project("{2150E333-8FDC-42A3-9474-1A3956D46DE8}") = "Task2", "Task2", "{BEA8E97A-8616-4B33-89E8-F7941E8690DF}"
EndProject
Project("{FAE04EC0-301F-11D3-BF4B-00C04F79EFBC}") = "Tyuiu.BurmistrovNS.Sprint3.Task2.V25", "Tyuiu.BurmistrovNS.Sprint3.Task2.V25\Tyuiu.BurmistrovNS.Sprint3.Task2.V25.csproj", "{A26892BE-12D0-4FAB-A512-B518423CBF63}"
EndProject
Project("{FAE04EC0-301F-11D3-BF4B-00C04F79EFBC}") = "Tyuiu.BurmistrovNS.Sprint3.Task2.V25.Lib", "Tyuiu.BurmistrovNS.Sprint3.Task2.V25.Lib\Tyuiu.BurmistrovNS.Sprint3.Task2.V25.Lib.csproj", "{81880C01-2DC7-4DF5-BAA9-DDA044D45D63}"
EndProject
Project("{FAE04EC0-301F-11D3-BF4B-00C04F79EFBC}") = "Tyuiu.BurmistrovNS.Sprint3.Task2.V25.Test", "Tyuiu.BurmistrovNS.Sprint3.Task2.V25.Test\Tyuiu.BurmistrovNS.Sprint3.Task2.V25.Test.csproj", "{781169DC-A8D7-4DA1-95BC-7A0C529D2562}"
EndProject
Project("{2150E333-8FDC-42A3-9474-1A3956D46DE8}") = "Task3", "Task3", "{D23A4EDE-7CA2-47FF-8EAF-3C6EEF9C558E}"
EndProject
Project("{FAE04EC0-301F-11D3-BF4B-00C04F79EFBC}") = "Tyuiu.BurmistrovNS.Sprint3.Task3.V26", "Tyuiu.BurmistrovNS.Sprint3.Task3.V26\Tyuiu.BurmistrovNS.Sprint3.Task3.V26.csproj", "{BED75E24-0A44-41FA-AEB2-11198BD59346}"
EndProject
Project("{FAE04EC0-301F-11D3-BF4B-00C04F79EFBC}") = "Tyuiu.BurmistrovNS.Sprint3.Task3.V26.Lib", "Tyuiu.BurmistrovNS.Sprint3.Task3.V26.Lib\Tyuiu.BurmistrovNS.Sprint3.Task3.V26.Lib.csproj", "{F025D961-9597-45FC-AEC1-F461C953E0FF}"
EndProject
Project("{FAE04EC0-301F-11D3-BF4B-00C04F79EFBC}") = "Tyuiu.BurmistrovNS.Sprint3.Task3.V26.Test", "Tyuiu.BurmistrovNS.Sprint3.Task3.V26.Test\Tyuiu.BurmistrovNS.Sprint3.Task3.V26.Test.csproj", "{8DBC3AD7-818B-4916-AF81-978E334E2C11}"
EndProject
Project("{2150E333-8FDC-42A3-9474-1A3956D46DE8}") = "Task4", "Task4", "{D362A435-6FB7-4CBE-9BB7-83C1318EE2F0}"
EndProject
Project("{FAE04EC0-301F-11D3-BF4B-00C04F79EFBC}") = "Tyuiu.BurmistrovNS.Sprint3.Task4.V13", "Tyuiu.BurmistrovNS.Sprint3.Task4.V13\Tyuiu.BurmistrovNS.Sprint3.Task4.V13.csproj", "{922EF98A-6A8E-4D02-9975-AF2D6B059433}"
EndProject
Project("{FAE04EC0-301F-11D3-BF4B-00C04F79EFBC}") = "Tyuiu.BurmistrovNS.Sprint3.Task4.V13.Lib", "Tyuiu.BurmistrovNS.Sprint3.Task4.V13.Lib\Tyuiu.BurmistrovNS.Sprint3.Task4.V13.Lib.csproj", "{B15E9ABC-483E-4C14-B924-E858E07FF3ED}"
EndProject
Project("{FAE04EC0-301F-11D3-BF4B-00C04F79EFBC}") = "Tyuiu.BurmistrovNS.Sprint3.Task4.V13.Test", "Tyuiu.BurmistrovNS.Sprint3.Task4.V13.Test\Tyuiu.BurmistrovNS.Sprint3.Task4.V13.Test.csproj", "{C06F569B-8D39-4B53-810D-E9AFA6A21DA0}"
EndProject
Global
	GlobalSection(SolutionConfigurationPlatforms) = preSolution
		Debug|Any CPU = Debug|Any CPU
		Release|Any CPU = Release|Any CPU
	EndGlobalSection
	GlobalSection(ProjectConfigurationPlatforms) = postSolution
		{5AEA858E-8C44-4A0D-8C29-9B35C90A6074}.Debug|Any CPU.ActiveCfg = Debug|Any CPU
		{5AEA858E-8C44-4A0D-8C29-9B35C90A6074}.Debug|Any CPU.Build.0 = Debug|Any CPU
		{5AEA858E-8C44-4A0D-8C29-9B35C90A6074}.Release|Any CPU.ActiveCfg = Release|Any CPU
		{5AEA858E-8C44-4A0D-8C29-9B35C90A6074}.Release|Any CPU.Build.0 = Release|Any CPU
		{06527C13-FD03-49A8-A8DA-7900D24105EE}.Debug|Any CPU.ActiveCfg = Debug|Any CPU
		{06527C13-FD03-49A8-A8DA-7900D24105EE}.Debug|Any CPU.Build.0 = Debug|Any CPU
		{06527C13-FD03-49A8-A8DA-7900D24105EE}.Release|Any CPU.ActiveCfg = Release|Any CPU
		{06527C13-FD03-49A8-A8DA-7900D24105EE}.Release|Any CPU.Build.0 = Release|Any CPU
		{E046E464-90DA-40BC-A3C3-56E8C3157875}.Debug|Any CPU.ActiveCfg = Debug|Any CPU
		{E046E464-90DA-40BC-A3C3-56E8C3157875}.Debug|Any CPU.Build.0 = Debug|Any CPU
		{E046E464-90DA-40BC-A3C3-56E8C3157875}.Release|Any CPU.ActiveCfg = Release|Any CPU
		{E046E464-90DA-40BC-A3C3-56E8C3157875}.Release|Any CPU.Build.0 = Release|Any CPU
		{21E53E8E-2CEC-46F4-B8F6-D1DD7BCBD9F8}.Debug|Any CPU.ActiveCfg = Debug|Any CPU
		{21E53E8E-2CEC-46F4-B8F6-D1DD7BCBD9F8}.Debug|Any CPU.Build.0 = Debug|Any CPU
		{21E53E8E-2CEC-46F4-B8F6-D1DD7BCBD9F8}.Release|Any CPU.ActiveCfg = Release|Any CPU
		{21E53E8E-2CEC-46F4-B8F6-D1DD7BCBD9F8}.Release|Any CPU.Build.0 = Release|Any CPU
		{F30BEBE9-BEE3-4BB1-A9B3-F0C83C3CA0AC}.Debug|Any CPU.ActiveCfg = Debug|Any CPU
		{F30BEBE9-BEE3-4BB1-A9B3-F0C83C3CA0AC}.Debug|Any CPU.Build.0 = Debug|Any CPU
		{F30BEBE9-BEE3-4BB1-A9B3-F0C83C3CA0AC}.Release|Any CPU.ActiveCfg = Release|Any CPU
		{F30BEBE9-BEE3-4BB1-A9B3-F0C83C3CA0AC}.Release|Any CPU.Build.0 = Release|Any CPU
		{4EA13DD7-BAF6-4931-96B9-C41BFB0330CA}.Debug|Any CPU.ActiveCfg = Debug|Any CPU
		{4EA13DD7-BAF6-4931-96B9-C41BFB0330CA}.Debug|Any CPU.Build.0 = Debug|Any CPU
		{4EA13DD7-BAF6-4931-96B9-C41BFB0330CA}.Release|Any CPU.ActiveCfg = Release|Any CPU
		{4EA13DD7-BAF6-4931-96B9-C41BFB0330CA}.Release|Any CPU.Build.0 = Release|Any CPU
		{A26892BE-12D0-4FAB-A512-B518423CBF63}.Debug|Any CPU.ActiveCfg = Debug|Any CPU
		{A26892BE-12D0-4FAB-A512-B518423CBF63}.Debug|Any CPU.Build.0 = Debug|Any CPU
		{A26892BE-12D0-4FAB-A512-B518423CBF63}.Release|Any CPU.ActiveCfg = Release|Any CPU
		{A26892BE-12D0-4FAB-A512-B518423CBF63}.Release|Any CPU.Build.0 = Release|Any CPU
		{81880C01-2DC7-4DF5-BAA9-DDA044D45D63}.Debug|Any CPU.ActiveCfg = Debug|Any CPU
		{81880C01-2DC7-4DF5-BAA9-DDA044D45D63}.Debug|Any CPU.Build.0 = Debug|Any CPU
		{81880C01-2DC7-4DF5-BAA9-DDA044D45D63}.Release|Any CPU.ActiveCfg = Release|Any CPU
		{81880C01-2DC7-4DF5-BAA9-DDA044D45D63}.Release|Any CPU.Build.0 = Release|Any CPU
		{781169DC-A8D7-4DA1-95BC-7A0C529D2562}.Debug|Any CPU.ActiveCfg = Debug|Any CPU
		{781169DC-A8D7-4DA1-95BC-7A0C529D2562}.Debug|Any CPU.Build.0 = Debug|Any CPU
		{781169DC-A8D7-4DA1-95BC-7A0C529D2562}.Release|Any CPU.ActiveCfg = Release|Any CPU
		{781169DC-A8D7-4DA1-95BC-7A0C529D2562}.Release|Any CPU.Build.0 = Release|Any CPU
		{BED75E24-0A44-41FA-AEB2-11198BD59346}.Debug|Any CPU.ActiveCfg = Debug|Any CPU
		{BED75E24-0A44-41FA-AEB2-11198BD59346}.Debug|Any CPU.Build.0 = Debug|Any CPU
		{BED75E24-0A44-41FA-AEB2-11198BD59346}.Release|Any CPU.ActiveCfg = Release|Any CPU
		{BED75E24-0A44-41FA-AEB2-11198BD59346}.Release|Any CPU.Build.0 = Release|Any CPU
		{F025D961-9597-45FC-AEC1-F461C953E0FF}.Debug|Any CPU.ActiveCfg = Debug|Any CPU
		{F025D961-9597-45FC-AEC1-F461C953E0FF}.Debug|Any CPU.Build.0 = Debug|Any CPU
		{F025D961-9597-45FC-AEC1-F461C953E0FF}.Release|Any CPU.ActiveCfg = Release|Any CPU
		{F025D961-9597-45FC-AEC1-F461C953E0FF}.Release|Any CPU.Build.0 = Release|Any CPU
		{8DBC3AD7-818B-4916-AF81-978E334E2C11}.Debug|Any CPU.ActiveCfg = Debug|Any CPU
		{8DBC3AD7-818B-4916-AF81-978E334E2C11}.Debug|Any CPU.Build.0 = Debug|Any CPU
		{8DBC3AD7-818B-4916-AF81-978E334E2C11}.Release|Any CPU.ActiveCfg = Release|Any CPU
		{8DBC3AD7-818B-4916-AF81-978E334E2C11}.Release|Any CPU.Build.0 = Release|Any CPU
		{922EF98A-6A8E-4D02-9975-AF2D6B059433}.Debug|Any CPU.ActiveCfg = Debug|Any CPU
		{922EF98A-6A8E-4D02-9975-AF2D6B059433}.Debug|Any CPU.Build.0 = Debug|Any CPU
		{922EF98A-6A8E-4D02-9975-AF2D6B059433}.Release|Any CPU.ActiveCfg = Release|Any CPU
		{922EF98A-6A8E-4D02-9975-AF2D6B059433}.Release|Any CPU.Build.0 = Release|Any CPU
		{B15E9ABC-483E-4C14-B924-E858E07FF3ED}.Debug|Any CPU.ActiveCfg = Debug|Any CPU
		{B15E9ABC-483E-4C14-B924-E858E07FF3ED}.Debug|Any CPU.Build.0 = Debug|Any CPU
		{B15E9ABC-483E-4C14-B924-E858E07FF3ED}.Release|Any CPU.ActiveCfg = Release|Any CPU
		{B15E9ABC-483E-4C14-B924-E858E07FF3ED}.Release|Any CPU.Build.0 = Release|Any CPU
		{C06F569B-8D39-4B53-810D-E9AFA6A21DA0}.Debug|Any CPU.ActiveCfg = Debug|Any CPU
		{C06F569B-8D39-4B53-810D-E9AFA6A21DA0}.Debug|Any CPU.Build.0 = Debug|Any CPU
		{C06F569B-8D39-4B53-810D-E9AFA6A21DA0}.Release|Any CPU.ActiveCfg = Release|Any CPU
		{C06F569B-8D39-4B53-810D-E9AFA6A21DA0}.Release|Any CPU.Build.0 = Release|Any CPU
	EndGlobalSection
	GlobalSection(SolutionProperties) = preSolution
		HideSolutionNode = FALSE
	EndGlobalSection
	GlobalSection(NestedProjects) = preSolution
		{5AEA858E-8C44-4A0D-8C29-9B35C90A6074} = {02EA681E-C7D8-13C7-8484-4AC65E1B71E8}
		{06527C13-FD03-49A8-A8DA-7900D24105EE} = {02EA681E-C7D8-13C7-8484-4AC65E1B71E8}
		{E046E464-90DA-40BC-A3C3-56E8C3157875} = {02EA681E-C7D8-13C7-8484-4AC65E1B71E8}
		{21E53E8E-2CEC-46F4-B8F6-D1DD7BCBD9F8} = {50754E19-1311-49D8-9267-B6B59B67C8DE}
		{F30BEBE9-BEE3-4BB1-A9B3-F0C83C3CA0AC} = {50754E19-1311-49D8-9267-B6B59B67C8DE}
		{4EA13DD7-BAF6-4931-96B9-C41BFB0330CA} = {50754E19-1311-49D8-9267-B6B59B67C8DE}
		{A26892BE-12D0-4FAB-A512-B518423CBF63} = {BEA8E97A-8616-4B33-89E8-F7941E8690DF}
		{81880C01-2DC7-4DF5-BAA9-DDA044D45D63} = {BEA8E97A-8616-4B33-89E8-F7941E8690DF}
		{781169DC-A8D7-4DA1-95BC-7A0C529D2562} = {BEA8E97A-8616-4B33-89E8-F7941E8690DF}
		{BED75E24-0A44-41FA-AEB2-11198BD59346} = {D23A4EDE-7CA2-47FF-8EAF-3C6EEF9C558E}
		{F025D961-9597-45FC-AEC1-F461C953E0FF} = {D23A4EDE-7CA2-47FF-8EAF-3C6EEF9C558E}
		{8DBC3AD7-818B-4916-AF81-978E334E2C11} = {D23A4EDE-7CA2-47FF-8EAF-3C6EEF9C558E}
		{922EF98A-6A8E-4D02-9975-AF2D6B059433} = {D362A435-6FB7-4CBE-9BB7-83C1318EE2F0}
		{B15E9ABC-483E-4C14-B924-E858E07FF3ED} = {D362A435-6FB7-4CBE-9BB7-83C1318EE2F0}
		{C06F569B-8D39-4B53-810D-E9AFA6A21DA0} = {D362A435-6FB7-4CBE-9BB7-83C1318EE2F0}
	EndGlobalSection
	GlobalSection(ExtensibilityGlobals) = postSolution
		SolutionGuid = {789AB679-3FED-499A-AC31-9E1C20AF2323}
	EndGlobalSection
EndGlobal
